
Microsoft Visual Studio Solution File, Format Version 12.00
# Visual Studio 15
VisualStudioVersion = 15.0.28307.168
MinimumVisualStudioVersion = 10.0.40219.1
Project("{FAE04EC0-301F-11D3-BF4B-00C04F79EFBC}") = "CoreProj1", "CoreProj1\CoreProj1.csproj", "{426A9ABE-A6B4-40DC-9501-FE35207FAC0C}"
EndProject
Global
	GlobalSection(SolutionConfigurationPlatforms) = preSolution
		Debug|Any CPU = Debug|Any CPU
		Release|Any CPU = Release|Any CPU
	EndGlobalSection
	GlobalSection(ProjectConfigurationPlatforms) = postSolution
		{426A9ABE-A6B4-40DC-9501-FE35207FAC0C}.Debug|Any CPU.ActiveCfg = Debug|Any CPU
		{426A9ABE-A6B4-40DC-9501-FE35207FAC0C}.Debug|Any CPU.Build.0 = Debug|Any CPU
		{426A9ABE-A6B4-40DC-9501-FE35207FAC0C}.Release|Any CPU.ActiveCfg = Release|Any CPU
		{426A9ABE-A6B4-40DC-9501-FE35207FAC0C}.Release|Any CPU.Build.0 = Release|Any CPU
	EndGlobalSection
	GlobalSection(SolutionProperties) = preSolution
		HideSolutionNode = FALSE
	EndGlobalSection
	GlobalSection(ExtensibilityGlobals) = postSolution
		SolutionGuid = {15EE4308-536F-4A99-A433-85F6683B7AA9}
	EndGlobalSection
EndGlobal
